
Microsoft Visual Studio Solution File, Format Version 12.00
# Visual Studio Version 17
VisualStudioVersion = 17.7.34018.315
MinimumVisualStudioVersion = 10.0.40219.1
Project("{FAE04EC0-301F-11D3-BF4B-00C04F79EFBC}") = "testExportacionSQL-ExcelCS", "testExportacionSQL-ExcelCS\testExportacionSQL-ExcelCS.csproj", "{28612638-E582-494F-869E-071C7E8E1C98}"
EndProject
Global
	GlobalSection(SolutionConfigurationPlatforms) = preSolution
		Debug|Any CPU = Debug|Any CPU
		Release|Any CPU = Release|Any CPU
	EndGlobalSection
	GlobalSection(ProjectConfigurationPlatforms) = postSolution
		{28612638-E582-494F-869E-071C7E8E1C98}.Debug|Any CPU.ActiveCfg = Debug|Any CPU
		{28612638-E582-494F-869E-071C7E8E1C98}.Debug|Any CPU.Build.0 = Debug|Any CPU
		{28612638-E582-494F-869E-071C7E8E1C98}.Release|Any CPU.ActiveCfg = Release|Any CPU
		{28612638-E582-494F-869E-071C7E8E1C98}.Release|Any CPU.Build.0 = Release|Any CPU
	EndGlobalSection
	GlobalSection(SolutionProperties) = preSolution
		HideSolutionNode = FALSE
	EndGlobalSection
	GlobalSection(ExtensibilityGlobals) = postSolution
		SolutionGuid = {6EF44720-11FC-42A8-AAF0-B26CC3B18DAB}
	EndGlobalSection
EndGlobal
